{
  "nodes": {
    "deepthought": {
      "flake": false,
      "locked": {
        "lastModified": 1644575228,
        "narHash": "sha256-KNn0ij+iz0fQ9Vite3LAKQiUSdi6FRdVoZ/jefMOwWk=",
        "owner": "RatanShreshtha",
        "repo": "DeepThought",
        "rev": "3f9c75f2427e85c0cd703d067f424395ec6dd4f1",
        "type": "github"
      },
      "original": {
        "owner": "RatanShreshtha",
        "repo": "DeepThought",
        "type": "github"
      }
    },
    "hercules-ci-effects": {
      "inputs": {
        "nixpkgs": [
          "nixpkgs"
        ]
      },
      "locked": {
        "lastModified": 1651856008,
        "narHash": "sha256-gzjZdLGrXoBVP6Sv0hGpaRbiY5lH8oTNx4FlyY8V8hU=",
        "owner": "kranzes",
        "repo": "hercules-ci-effects",
        "rev": "f2d1e75279ad552950650743b5eb12e8aa2b14e4",
        "type": "github"
      },
      "original": {
        "owner": "kranzes",
        "repo": "hercules-ci-effects",
        "type": "github"
      }
    },
    "nix-filter": {
      "locked": {
        "lastModified": 1646733795,
        "narHash": "sha256-W9elpjb6b4lqDsw6GxmLEVKaD1/nJQuBy/ikT76cL5c=",
        "owner": "numtide",
        "repo": "nix-filter",
        "rev": "e4e8649a3b6f0d3c181955945a84e6918d3f832a",
        "type": "github"
      },
      "original": {
        "owner": "numtide",
        "repo": "nix-filter",
        "type": "github"
      }
    },
    "nixpkgs": {
      "locked": {
        "lastModified": 1647199004,
        "narHash": "sha256-37aHbLhcX6zqeru24AoPPfem6fUQ6are5E38NdbIgJg=",
        "owner": "nixos",
        "repo": "nixpkgs",
        "rev": "328bd3c30e4fc4c3d69bc08516f27e8d85f839b6",
        "type": "github"
      },
      "original": {
        "owner": "nixos",
        "ref": "nixpkgs-unstable",
        "repo": "nixpkgs",
        "type": "github"
      }
    },
    "root": {
      "inputs": {
        "deepthought": "deepthought",
        "hercules-ci-effects": "hercules-ci-effects",
        "nix-filter": "nix-filter",
        "nixpkgs": "nixpkgs"
      }
    }
  },
  "root": "root",
  "version": 7
}
