{
  "nodes": {
    "deepthought": {
      "flake": false,
      "locked": {
        "lastModified": 1644575228,
        "narHash": "sha256-KNn0ij+iz0fQ9Vite3LAKQiUSdi6FRdVoZ/jefMOwWk=",
        "owner": "RatanShreshtha",
        "repo": "DeepThought",
        "rev": "3f9c75f2427e85c0cd703d067f424395ec6dd4f1",
        "type": "github"
      },
      "original": {
        "owner": "RatanShreshtha",
        "repo": "DeepThought",
        "type": "github"
      }
    },
    "nix-filter": {
      "locked": {
        "lastModified": 1645371475,
        "narHash": "sha256-z2n0y5ME7yQTqzzGWnQTVd1MG5Bp1E+of7ZgA861/9E=",
        "owner": "numtide",
        "repo": "nix-filter",
        "rev": "38bc843f1ce76958a9f6f0a1e4e3455221c8ecf6",
        "type": "github"
      },
      "original": {
        "owner": "numtide",
        "repo": "nix-filter",
        "type": "github"
      }
    },
    "nixpkgs": {
      "locked": {
        "lastModified": 1644972330,
        "narHash": "sha256-6V2JFpTUzB9G+KcqtUR1yl7f6rd9495YrFECslEmbGw=",
        "owner": "nixos",
        "repo": "nixpkgs",
        "rev": "19574af0af3ffaf7c9e359744ed32556f34536bd",
        "type": "github"
      },
      "original": {
        "owner": "nixos",
        "ref": "nixpkgs-unstable",
        "repo": "nixpkgs",
        "type": "github"
      }
    },
    "root": {
      "inputs": {
        "deepthought": "deepthought",
        "nix-filter": "nix-filter",
        "nixpkgs": "nixpkgs"
      }
    }
  },
  "root": "root",
  "version": 7
}
